# This file was autogenerated by Stack.
# You should not edit this file by hand.
# For more information, please see the documentation at:
#   https://docs.haskellstack.org/en/stable/lock_files

packages:
- completed:
    hackage: backprop-0.2.6.1@sha256:9c3b2d20b08e51569af4bd50f2ae6e47ad89e23223cac77c22de96da596cff8c,2808
    pantry-tree:
      size: 2123
      sha256: a03a99eda60a91a2bec65dcb2bc43b1843aa3176e5c0615af1f0f98435474cd9
  original:
    hackage: backprop-0.2.6.1
- completed:
    hackage: finite-typelits-0.1.4.2@sha256:d243523297c0526d32e9b7de98e04b79a4227577ddb25d3fecd7981439de243c,720
    pantry-tree:
      size: 285
      sha256: a893d5f2acc17ea0b1f51dbad3eb1d206bed9d041b66284551b3ee3166595a4f
  original:
    hackage: finite-typelits-0.1.4.2
- completed:
    hackage: hedgehog-0.6.1@sha256:341e27c8e042ad78fffb72b5444cb87f0d5c37e38533256d41f30d1f96ec954f,4151
    pantry-tree:
      size: 2138
      sha256: 6487fd6ffce837be0b24b820df62c7165c3edeb2a84ab959077d836ac494b504
  original:
    hackage: hedgehog-0.6.1
- completed:
    hackage: hmatrix-vector-sized-0.1.1.2@sha256:ecdcdcd3dc94d9e9d4cc08477cc8f02c8ba17aa6ed54d339e0c0f566cad57639,1881
    pantry-tree:
      size: 400
      sha256: bd86e151d1a0b20a2bebe54955486b636521b17f8deeea03dd88feceb4f1aec6
  original:
    hackage: hmatrix-vector-sized-0.1.1.2
- completed:
    hackage: indexed-list-literals-0.2.1.2@sha256:0760e2a86605b5557af7180d4d50e317d75a5a92ca12aaabb6948ce97b7a94ac,2373
    pantry-tree:
      size: 341
      sha256: 4e54f8d033a1f46333274ea3d1b9785c9e4fd225dcddc988c7a41353d9959cd5
  original:
    hackage: indexed-list-literals-0.2.1.2
- completed:
    hackage: vector-sized-1.1.1.0@sha256:69330ec110ede86ed264ff92de4d184c7cfd320a2a453edd1b535ffe68213d2b,1754
    pantry-tree:
      size: 1039
      sha256: b48a0f4d2ce0d9665d18319041bba98652b47435daac03c3398011292a486894
  original:
    hackage: vector-sized-1.1.1.0
- completed:
    hackage: vinyl-0.10.0@sha256:13cdce85bac671a09a52e10beb8f2d5ee494991352888179e6d8e4ae4c281302,3781
    pantry-tree:
      size: 1799
      sha256: 9cff8654245e4f88194953b75c8fc6fbf331d4489005a691d58a868099a7af80
  original:
    hackage: vinyl-0.10.0
snapshots:
- completed:
    size: 513872
    url: https://raw.githubusercontent.com/commercialhaskell/stackage-snapshots/master/nightly/2019/6/28.yaml
    sha256: 60d99bc77de2ab71baaf7114873210155f84e8ae78350f113a1e6307a6b1995c
  original: nightly-2019-06-28
